{
  "version": 4,
  "terraform_version": "1.4.6",
  "serial": 51,
  "lineage": "115c1ef8-6460-e14f-4d51-0e564700bc4c",
  "outputs": {
    "rg": {
      "value": "/subscriptions/567d2260-6433-4542-a514-3c6c67376033/resourceGroups/demo-rg",
      "type": "string"
    },
    "snet": {
      "value": "demo-prodsubnet",
      "type": "string"
    },
    "vnet": {
      "value": "/subscriptions/567d2260-6433-4542-a514-3c6c67376033/resourceGroups/demo-rg/providers/Microsoft.Network/virtualNetworks/demo-vnet",
      "type": "string"
    }
  },
  "resources": [
    {
      "mode": "managed",
      "type": "azurerm_network_interface",
      "name": "nic",
      "provider": "provider[\"registry.terraform.io/hashicorp/azurerm\"]",
      "instances": [
        {
          "schema_version": 0,
          "attributes": {
            "applied_dns_servers": [],
            "dns_servers": [],
            "edge_zone": "",
            "enable_accelerated_networking": false,
            "enable_ip_forwarding": false,
            "id": "/subscriptions/567d2260-6433-4542-a514-3c6c67376033/resourceGroups/demo-rg/providers/Microsoft.Network/networkInterfaces/demo-nic",
            "internal_dns_name_label": "",
            "internal_domain_name_suffix": "og1czmsljduupml35dyrlha30g.bx.internal.cloudapp.net",
            "ip_configuration": [
              {
                "gateway_load_balancer_frontend_ip_configuration_id": "",
                "name": "internal",
                "primary": true,
                "private_ip_address": "172.30.1.4",
                "private_ip_address_allocation": "Dynamic",
                "private_ip_address_version": "IPv4",
                "public_ip_address_id": "",
                "subnet_id": "/subscriptions/567d2260-6433-4542-a514-3c6c67376033/resourceGroups/demo-rg/providers/Microsoft.Network/virtualNetworks/demo-vnet/subnets/demo-prodsubnet"
              }
            ],
            "location": "eastus",
            "mac_address": "60-45-BD-D8-86-73",
            "name": "demo-nic",
            "private_ip_address": "172.30.1.4",
            "private_ip_addresses": [
              "172.30.1.4"
            ],
            "resource_group_name": "demo-rg",
            "tags": {},
            "timeouts": null,
            "virtual_machine_id": "/subscriptions/567d2260-6433-4542-a514-3c6c67376033/resourceGroups/demo-rg/providers/Microsoft.Compute/virtualMachines/demo-vm"
          },
          "sensitive_attributes": [],
          "private": "eyJlMmJmYjczMC1lY2FhLTExZTYtOGY4OC0zNDM2M2JjN2M0YzAiOnsiY3JlYXRlIjoxODAwMDAwMDAwMDAwLCJkZWxldGUiOjE4MDAwMDAwMDAwMDAsInJlYWQiOjMwMDAwMDAwMDAwMCwidXBkYXRlIjoxODAwMDAwMDAwMDAwfX0=",
          "dependencies": [
            "azurerm_resource_group.rg",
            "azurerm_subnet.subnet",
            "azurerm_virtual_network.vnet"
          ]
        }
      ]
    },
    {
      "mode": "managed",
      "type": "azurerm_network_interface_security_group_association",
      "name": "nicassocation",
      "provider": "provider[\"registry.terraform.io/hashicorp/azurerm\"]",
      "instances": [
        {
          "schema_version": 0,
          "attributes": {
            "id": "/subscriptions/567d2260-6433-4542-a514-3c6c67376033/resourceGroups/demo-rg/providers/Microsoft.Network/networkInterfaces/demo-nic|/subscriptions/567d2260-6433-4542-a514-3c6c67376033/resourceGroups/demo-rg/providers/Microsoft.Network/networkSecurityGroups/demo-nsg",
            "network_interface_id": "/subscriptions/567d2260-6433-4542-a514-3c6c67376033/resourceGroups/demo-rg/providers/Microsoft.Network/networkInterfaces/demo-nic",
            "network_security_group_id": "/subscriptions/567d2260-6433-4542-a514-3c6c67376033/resourceGroups/demo-rg/providers/Microsoft.Network/networkSecurityGroups/demo-nsg",
            "timeouts": null
          },
          "sensitive_attributes": [],
          "private": "eyJlMmJmYjczMC1lY2FhLTExZTYtOGY4OC0zNDM2M2JjN2M0YzAiOnsiY3JlYXRlIjoxODAwMDAwMDAwMDAwLCJkZWxldGUiOjE4MDAwMDAwMDAwMDAsInJlYWQiOjMwMDAwMDAwMDAwMCwidXBkYXRlIjoxODAwMDAwMDAwMDAwfX0=",
          "dependencies": [
            "azurerm_network_interface.nic",
            "azurerm_network_security_group.nsg",
            "azurerm_resource_group.rg",
            "azurerm_subnet.subnet",
            "azurerm_virtual_network.vnet"
          ]
        }
      ]
    },
    {
      "mode": "managed",
      "type": "azurerm_network_security_group",
      "name": "nsg",
      "provider": "provider[\"registry.terraform.io/hashicorp/azurerm\"]",
      "instances": [
        {
          "schema_version": 0,
          "attributes": {
            "id": "/subscriptions/567d2260-6433-4542-a514-3c6c67376033/resourceGroups/demo-rg/providers/Microsoft.Network/networkSecurityGroups/demo-nsg",
            "location": "eastus",
            "name": "demo-nsg",
            "resource_group_name": "demo-rg",
            "security_rule": [],
            "tags": {},
            "timeouts": null
          },
          "sensitive_attributes": [],
          "private": "eyJlMmJmYjczMC1lY2FhLTExZTYtOGY4OC0zNDM2M2JjN2M0YzAiOnsiY3JlYXRlIjoxODAwMDAwMDAwMDAwLCJkZWxldGUiOjE4MDAwMDAwMDAwMDAsInJlYWQiOjMwMDAwMDAwMDAwMCwidXBkYXRlIjoxODAwMDAwMDAwMDAwfX0=",
          "dependencies": [
            "azurerm_resource_group.rg"
          ]
        }
      ]
    },
    {
      "mode": "managed",
      "type": "azurerm_public_ip",
      "name": "publicip",
      "provider": "provider[\"registry.terraform.io/hashicorp/azurerm\"]",
      "instances": [
        {
          "schema_version": 0,
          "attributes": {
            "allocation_method": "Static",
            "ddos_protection_mode": "VirtualNetworkInherited",
            "ddos_protection_plan_id": null,
            "domain_name_label": null,
            "edge_zone": "",
            "fqdn": null,
            "id": "/subscriptions/567d2260-6433-4542-a514-3c6c67376033/resourceGroups/demo-rg/providers/Microsoft.Network/publicIPAddresses/demo-publicip",
            "idle_timeout_in_minutes": 4,
            "ip_address": "20.185.21.214",
            "ip_tags": {},
            "ip_version": "IPv4",
            "location": "eastus",
            "name": "demo-publicip",
            "public_ip_prefix_id": null,
            "resource_group_name": "demo-rg",
            "reverse_fqdn": null,
            "sku": "Basic",
            "sku_tier": "Regional",
            "tags": {},
            "timeouts": null,
            "zones": []
          },
          "sensitive_attributes": [],
          "private": "eyJlMmJmYjczMC1lY2FhLTExZTYtOGY4OC0zNDM2M2JjN2M0YzAiOnsiY3JlYXRlIjoxODAwMDAwMDAwMDAwLCJkZWxldGUiOjE4MDAwMDAwMDAwMDAsInJlYWQiOjMwMDAwMDAwMDAwMCwidXBkYXRlIjoxODAwMDAwMDAwMDAwfX0=",
          "dependencies": [
            "azurerm_resource_group.rg"
          ]
        }
      ]
    },
    {
      "mode": "managed",
      "type": "azurerm_resource_group",
      "name": "rg",
      "provider": "provider[\"registry.terraform.io/hashicorp/azurerm\"]",
      "instances": [
        {
          "schema_version": 0,
          "attributes": {
            "id": "/subscriptions/567d2260-6433-4542-a514-3c6c67376033/resourceGroups/demo-rg",
            "location": "eastus",
            "name": "demo-rg",
            "tags": {},
            "timeouts": null
          },
          "sensitive_attributes": [],
          "private": "eyJlMmJmYjczMC1lY2FhLTExZTYtOGY4OC0zNDM2M2JjN2M0YzAiOnsiY3JlYXRlIjo1NDAwMDAwMDAwMDAwLCJkZWxldGUiOjU0MDAwMDAwMDAwMDAsInJlYWQiOjMwMDAwMDAwMDAwMCwidXBkYXRlIjo1NDAwMDAwMDAwMDAwfX0="
        }
      ]
    },
    {
      "mode": "managed",
      "type": "azurerm_subnet",
      "name": "subnet",
      "provider": "provider[\"registry.terraform.io/hashicorp/azurerm\"]",
      "instances": [
        {
          "schema_version": 0,
          "attributes": {
            "address_prefixes": [
              "172.30.1.0/24"
            ],
            "delegation": [],
            "enforce_private_link_endpoint_network_policies": false,
            "enforce_private_link_service_network_policies": false,
            "id": "/subscriptions/567d2260-6433-4542-a514-3c6c67376033/resourceGroups/demo-rg/providers/Microsoft.Network/virtualNetworks/demo-vnet/subnets/demo-prodsubnet",
            "name": "demo-prodsubnet",
            "private_endpoint_network_policies_enabled": true,
            "private_link_service_network_policies_enabled": true,
            "resource_group_name": "demo-rg",
            "service_endpoint_policy_ids": [],
            "service_endpoints": [],
            "timeouts": null,
            "virtual_network_name": "demo-vnet"
          },
          "sensitive_attributes": [],
          "private": "eyJlMmJmYjczMC1lY2FhLTExZTYtOGY4OC0zNDM2M2JjN2M0YzAiOnsiY3JlYXRlIjoxODAwMDAwMDAwMDAwLCJkZWxldGUiOjE4MDAwMDAwMDAwMDAsInJlYWQiOjMwMDAwMDAwMDAwMCwidXBkYXRlIjoxODAwMDAwMDAwMDAwfX0=",
          "dependencies": [
            "azurerm_resource_group.rg",
            "azurerm_virtual_network.vnet"
          ]
        }
      ]
    },
    {
      "mode": "managed",
      "type": "azurerm_virtual_network",
      "name": "vnet",
      "provider": "provider[\"registry.terraform.io/hashicorp/azurerm\"]",
      "instances": [
        {
          "schema_version": 0,
          "attributes": {
            "address_space": [
              "172.30.0.0/16"
            ],
            "bgp_community": "",
            "ddos_protection_plan": [],
            "dns_servers": [
              "10.0.0.4",
              "10.0.0.5"
            ],
            "edge_zone": "",
            "flow_timeout_in_minutes": 0,
            "guid": "b22cb671-484b-47e9-b17d-f8f1159c1dd6",
            "id": "/subscriptions/567d2260-6433-4542-a514-3c6c67376033/resourceGroups/demo-rg/providers/Microsoft.Network/virtualNetworks/demo-vnet",
            "location": "eastus",
            "name": "demo-vnet",
            "resource_group_name": "demo-rg",
            "subnet": [
              {
                "address_prefix": "172.30.1.0/24",
                "id": "/subscriptions/567d2260-6433-4542-a514-3c6c67376033/resourceGroups/demo-rg/providers/Microsoft.Network/virtualNetworks/demo-vnet/subnets/demo-prodsubnet",
                "name": "demo-prodsubnet",
                "security_group": ""
              }
            ],
            "tags": {},
            "timeouts": null
          },
          "sensitive_attributes": [],
          "private": "eyJlMmJmYjczMC1lY2FhLTExZTYtOGY4OC0zNDM2M2JjN2M0YzAiOnsiY3JlYXRlIjoxODAwMDAwMDAwMDAwLCJkZWxldGUiOjE4MDAwMDAwMDAwMDAsInJlYWQiOjMwMDAwMDAwMDAwMCwidXBkYXRlIjoxODAwMDAwMDAwMDAwfX0=",
          "dependencies": [
            "azurerm_resource_group.rg"
          ]
        }
      ]
    }
  ],
  "check_results": null
}
